{
  "requires": true,
  "lockfileVersion": 1,
  "dependencies": {
    "ngx-perfect-scrollbar": {
      "version": "7.2.1",
      "resolved": "https://registry.npmjs.org/ngx-perfect-scrollbar/-/ngx-perfect-scrollbar-7.2.1.tgz",
      "integrity": "sha512-2Dyzx2M3ihGSlcTNwb+o8XGJr4ukkeCMz9J6A0cXyL7eX1Tez6BnRqTcpKe9JWkVEdRVd8+WT0uZ2O0tMiRF3A==",
      "requires": {
        "perfect-scrollbar": "^1.4.0",
        "resize-observer-polyfill": "^1.5.0"
      }
    },
    "perfect-scrollbar": {
      "version": "1.4.0",
      "resolved": "https://registry.npmjs.org/perfect-scrollbar/-/perfect-scrollbar-1.4.0.tgz",
      "integrity": "sha512-/2Sk/khljhdrsamjJYS5NjrH+GKEHEwh7zFSiYyxROyYKagkE4kSn2zDQDRTOMo8mpT2jikxx6yI1dG7lNP/hw=="
    },
    "resize-observer-polyfill": {
      "version": "1.5.1",
      "resolved": "https://registry.npmjs.org/resize-observer-polyfill/-/resize-observer-polyfill-1.5.1.tgz",
      "integrity": "sha512-LwZrotdHOo12nQuZlHEmtuXdqGoOD0OhaxopaNFxWzInpEgaLWoVuAMbTzixuosCx2nEG58ngzW3vxdWoxIgdg=="
    }
  }
}
